PODS:
  - Google-Mobile-Ads-SDK (12.0.0):
    - GoogleUserMessagingPlatform (>= 1.1)
  - GoogleUserMessagingPlatform (2.7.0)

DEPENDENCIES:
  - Google-Mobile-Ads-SDK

SPEC REPOS:
  trunk:
    - Google-Mobile-Ads-SDK
    - GoogleUserMessagingPlatform

SPEC CHECKSUMS:
  Google-Mobile-Ads-SDK: 14a8e52164a89a44178bd67d544f207969f8d69a
  GoogleUserMessagingPlatform: a8b56893477f67212fbc8411c139e61d463349f5

PODFILE CHECKSUM: a4c6684e2b82d4c8b1b8258759d1b689350dcb1c

COCOAPODS: 1.16.2
