// !$*UTF8*$!
{
	archiveVersion = 1;
	classes = {
	};
	objectVersion = 77;
	objects = {

/* Begin PBXContainerItemProxy section */
		05C4C7552D5F210700D8E6C7 /* PBXContainerItemProxy */ = {
			isa = PBXContainerItemProxy;
			containerPortal = 05C4C7362D5F210500D8E6C7 /* Project object */;
			proxyType = 1;
			remoteGlobalIDString = 05C4C73D2D5F210500D8E6C7;
			remoteInfo = BannerAdDemo;
		};
		05C4C75F2D5F210700D8E6C7 /* PBXContainerItemProxy */ = {
			isa = PBXContainerItemProxy;
			containerPortal = 05C4C7362D5F210500D8E6C7 /* Project object */;
			proxyType = 1;
			remoteGlobalIDString = 05C4C73D2D5F210500D8E6C7;
			remoteInfo = BannerAdDemo;
		};
/* End PBXContainerItemProxy section */

/* Begin PBXFileReference section */
		05C4C73E2D5F210500D8E6C7 /* BannerAdDemo.app */ = {isa = PBXFileReference; explicitFileType = wrapper.application; includeInIndex = 0; path = BannerAdDemo.app; sourceTree = BUILT_PRODUCTS_DIR; };
		05C4C7542D5F210700D8E6C7 /* BannerAdDemoTests.xctest */ = {isa = PBXFileReference; explicitFileType = wrapper.cfbundle; includeInIndex = 0; path = BannerAdDemoTests.xctest; sourceTree = BUILT_PRODUCTS_DIR; };
		05C4C75E2D5F210700D8E6C7 /* BannerAdDemoUITests.xctest */ = {isa = PBXFileReference; explicitFileType = wrapper.cfbundle; includeInIndex = 0; path = BannerAdDemoUITests.xctest; sourceTree = BUILT_PRODUCTS_DIR; };
/* End PBXFileReference section */

/* Begin PBXFileSystemSynchronizedBuildFileExceptionSet section */
		05C4C7662D5F210700D8E6C7 /* Exceptions for "BannerAdDemo" folder in "BannerAdDemo" target */ = {
			isa = PBXFileSystemSynchronizedBuildFileExceptionSet;
			membershipExceptions = (
				Info.plist,
			);
			target = 05C4C73D2D5F210500D8E6C7 /* BannerAdDemo */;
		};
/* End PBXFileSystemSynchronizedBuildFileExceptionSet section */

/* Begin PBXFileSystemSynchronizedRootGroup section */
		05C4C7402D5F210500D8E6C7 /* BannerAdDemo */ = {
			isa = PBXFileSystemSynchronizedRootGroup;
			exceptions = (
				05C4C7662D5F210700D8E6C7 /* Exceptions for "BannerAdDemo" folder in "BannerAdDemo" target */,
			);
			path = BannerAdDemo;
			sourceTree = "<group>";
		};
		05C4C7572D5F210700D8E6C7 /* BannerAdDemoTests */ = {
			isa = PBXFileSystemSynchronizedRootGroup;
			path = BannerAdDemoTests;
			sourceTree = "<group>";
		};
		05C4C7612D5F210700D8E6C7 /* BannerAdDemoUITests */ = {
			isa = PBXFileSystemSynchronizedRootGroup;
			path = BannerAdDemoUITests;
			sourceTree = "<group>";
		};
/* End PBXFileSystemSynchronizedRootGroup section */

/* Begin PBXFrameworksBuildPhase section */
		05C4C73B2D5F210500D8E6C7 /* Frameworks */ = {
			isa = PBXFrameworksBuildPhase;
			buildActionMask = 2147483647;
			files = (
			);
			runOnlyForDeploymentPostprocessing = 0;
		};
		05C4C7512D5F210700D8E6C7 /* Frameworks */ = {
			isa = PBXFrameworksBuildPhase;
			buildActionMask = 2147483647;
			files = (
			);
			runOnlyForDeploymentPostprocessing = 0;
		};
		05C4C75B2D5F210700D8E6C7 /* Frameworks */ = {
			isa = PBXFrameworksBuildPhase;
			buildActionMask = 2147483647;
			files = (
			);
			runOnlyForDeploymentPostprocessing = 0;
		};
/* End PBXFrameworksBuildPhase section */

/* Begin PBXGroup section */
		05C4C7352D5F210500D8E6C7 = {
			isa = PBXGroup;
			children = (
				05C4C7402D5F210500D8E6C7 /* BannerAdDemo */,
				05C4C7572D5F210700D8E6C7 /* BannerAdDemoTests */,
				05C4C7612D5F210700D8E6C7 /* BannerAdDemoUITests */,
				05C4C73F2D5F210500D8E6C7 /* Products */,
			);
			sourceTree = "<group>";
		};
		05C4C73F2D5F210500D8E6C7 /* Products */ = {
			isa = PBXGroup;
			children = (
				05C4C73E2D5F210500D8E6C7 /* BannerAdDemo.app */,
				05C4C7542D5F210700D8E6C7 /* BannerAdDemoTests.xctest */,
				05C4C75E2D5F210700D8E6C7 /* BannerAdDemoUITests.xctest */,
			);
			name = Products;
			sourceTree = "<group>";
		};
/* End PBXGroup section */

/* Begin PBXNativeTarget section */
		05C4C73D2D5F210500D8E6C7 /* BannerAdDemo */ = {
			isa = PBXNativeTarget;
			buildConfigurationList = 05C4C7672D5F210700D8E6C7 /* Build configuration list for PBXNativeTarget "BannerAdDemo" */;
			buildPhases = (
				05C4C73A2D5F210500D8E6C7 /* Sources */,
				05C4C73B2D5F210500D8E6C7 /* Frameworks */,
				05C4C73C2D5F210500D8E6C7 /* Resources */,
			);
			buildRules = (
			);
			dependencies = (
			);
			fileSystemSynchronizedGroups = (
				05C4C7402D5F210500D8E6C7 /* BannerAdDemo */,
			);
			name = BannerAdDemo;
			packageProductDependencies = (
			);
			productName = BannerAdDemo;
			productReference = 05C4C73E2D5F210500D8E6C7 /* BannerAdDemo.app */;
			productType = "com.apple.product-type.application";
		};
		05C4C7532D5F210700D8E6C7 /* BannerAdDemoTests */ = {
			isa = PBXNativeTarget;
			buildConfigurationList = 05C4C76C2D5F210700D8E6C7 /* Build configuration list for PBXNativeTarget "BannerAdDemoTests" */;
			buildPhases = (
				05C4C7502D5F210700D8E6C7 /* Sources */,
				05C4C7512D5F210700D8E6C7 /* Frameworks */,
				05C4C7522D5F210700D8E6C7 /* Resources */,
			);
			buildRules = (
			);
			dependencies = (
				05C4C7562D5F210700D8E6C7 /* PBXTargetDependency */,
			);
			fileSystemSynchronizedGroups = (
				05C4C7572D5F210700D8E6C7 /* BannerAdDemoTests */,
			);
			name = BannerAdDemoTests;
			packageProductDependencies = (
			);
			productName = BannerAdDemoTests;
			productReference = 05C4C7542D5F210700D8E6C7 /* BannerAdDemoTests.xctest */;
			productType = "com.apple.product-type.bundle.unit-test";
		};
		05C4C75D2D5F210700D8E6C7 /* BannerAdDemoUITests */ = {
			isa = PBXNativeTarget;
			buildConfigurationList = 05C4C76F2D5F210700D8E6C7 /* Build configuration list for PBXNativeTarget "BannerAdDemoUITests" */;
			buildPhases = (
				05C4C75A2D5F210700D8E6C7 /* Sources */,
				05C4C75B2D5F210700D8E6C7 /* Frameworks */,
				05C4C75C2D5F210700D8E6C7 /* Resources */,
			);
			buildRules = (
			);
			dependencies = (
				05C4C7602D5F210700D8E6C7 /* PBXTargetDependency */,
			);
			fileSystemSynchronizedGroups = (
				05C4C7612D5F210700D8E6C7 /* BannerAdDemoUITests */,
			);
			name = BannerAdDemoUITests;
			packageProductDependencies = (
			);
			productName = BannerAdDemoUITests;
			productReference = 05C4C75E2D5F210700D8E6C7 /* BannerAdDemoUITests.xctest */;
			productType = "com.apple.product-type.bundle.ui-testing";
		};
/* End PBXNativeTarget section */

/* Begin PBXProject section */
		05C4C7362D5F210500D8E6C7 /* Project object */ = {
			isa = PBXProject;
			attributes = {
				BuildIndependentTargetsInParallel = 1;
				LastSwiftUpdateCheck = 1620;
				LastUpgradeCheck = 1620;
				TargetAttributes = {
					05C4C73D2D5F210500D8E6C7 = {
						CreatedOnToolsVersion = 16.2;
					};
					05C4C7532D5F210700D8E6C7 = {
						CreatedOnToolsVersion = 16.2;
						TestTargetID = 05C4C73D2D5F210500D8E6C7;
					};
					05C4C75D2D5F210700D8E6C7 = {
						CreatedOnToolsVersion = 16.2;
						TestTargetID = 05C4C73D2D5F210500D8E6C7;
					};
				};
			};
			buildConfigurationList = 05C4C7392D5F210500D8E6C7 /* Build configuration list for PBXProject "BannerAdDemo" */;
			developmentRegion = en;
			hasScannedForEncodings = 0;
			knownRegions = (
				en,
				Base,
			);
			mainGroup = 05C4C7352D5F210500D8E6C7;
			minimizedProjectReferenceProxies = 1;
			preferredProjectObjectVersion = 77;
			productRefGroup = 05C4C73F2D5F210500D8E6C7 /* Products */;
			projectDirPath = "";
			projectRoot = "";
			targets = (
				05C4C73D2D5F210500D8E6C7 /* BannerAdDemo */,
				05C4C7532D5F210700D8E6C7 /* BannerAdDemoTests */,
				05C4C75D2D5F210700D8E6C7 /* BannerAdDemoUITests */,
			);
		};
/* End PBXProject section */

/* Begin PBXResourcesBuildPhase section */
		05C4C73C2D5F210500D8E6C7 /* Resources */ = {
			isa = PBXResourcesBuildPhase;
			buildActionMask = 2147483647;
			files = (
			);
			runOnlyForDeploymentPostprocessing = 0;
		};
		05C4C7522D5F210700D8E6C7 /* Resources */ = {
			isa = PBXResourcesBuildPhase;
			buildActionMask = 2147483647;
			files = (
			);
			runOnlyForDeploymentPostprocessing = 0;
		};
		05C4C75C2D5F210700D8E6C7 /* Resources */ = {
			isa = PBXResourcesBuildPhase;
			buildActionMask = 2147483647;
			files = (
			);
			runOnlyForDeploymentPostprocessing = 0;
		};
/* End PBXResourcesBuildPhase section */

/* Begin PBXSourcesBuildPhase section */
		05C4C73A2D5F210500D8E6C7 /* Sources */ = {
			isa = PBXSourcesBuildPhase;
			buildActionMask = 2147483647;
			files = (
			);
			runOnlyForDeploymentPostprocessing = 0;
		};
		05C4C7502D5F210700D8E6C7 /* Sources */ = {
			isa = PBXSourcesBuildPhase;
			buildActionMask = 2147483647;
			files = (
			);
			runOnlyForDeploymentPostprocessing = 0;
		};
		05C4C75A2D5F210700D8E6C7 /* Sources */ = {
			isa = PBXSourcesBuildPhase;
			buildActionMask = 2147483647;
			files = (
			);
			runOnlyForDeploymentPostprocessing = 0;
		};
/* End PBXSourcesBuildPhase section */

/* Begin PBXTargetDependency section */
		05C4C7562D5F210700D8E6C7 /* PBXTargetDependency */ = {
			isa = PBXTargetDependency;
			target = 05C4C73D2D5F210500D8E6C7 /* BannerAdDemo */;
			targetProxy = 05C4C7552D5F210700D8E6C7 /* PBXContainerItemProxy */;
		};
		05C4C7602D5F210700D8E6C7 /* PBXTargetDependency */ = {
			isa = PBXTargetDependency;
			target = 05C4C73D2D5F210500D8E6C7 /* BannerAdDemo */;
			targetProxy = 05C4C75F2D5F210700D8E6C7 /* PBXContainerItemProxy */;
		};
/* End PBXTargetDependency section */

/* Begin XCBuildConfiguration section */
		05C4C7682D5F210700D8E6C7 /* Debug */ = {
			isa = XCBuildConfiguration;
			buildSettings = {
				ASSETCATALOG_COMPILER_APPICON_NAME = AppIcon;
				ASSETCATALOG_COMPILER_GLOBAL_ACCENT_COLOR_NAME = AccentColor;
				CODE_SIGN_STYLE = Automatic;
				CURRENT_PROJECT_VERSION = 1;
				GENERATE_INFOPLIST_FILE = YES;
				INFOPLIST_FILE = BannerAdDemo/Info.plist;
				INFOPLIST_KEY_UIApplicationSupportsIndirectInputEvents = YES;
				INFOPLIST_KEY_UILaunchStoryboardName = LaunchScreen;
				INFOPLIST_KEY_UIMainStoryboardFile = Main;
				INFOPLIST_KEY_UISupportedInterfaceOrientations_iPad = "UIInterfaceOrientationPortrait UIInterfaceOrientationPortraitUpsideDown UIInterfaceOrientationLandscapeLeft UIInterfaceOrientationLandscapeRight";
				INFOPLIST_KEY_UISupportedInterfaceOrientations_iPhone = "UIInterfaceOrientationPortrait UIInterfaceOrientationLandscapeLeft UIInterfaceOrientationLandscapeRight";
				LD_RUNPATH_SEARCH_PATHS = (
					"$(inherited)",
					"@executable_path/Frameworks",
				);
				MARKETING_VERSION = 1.0;
				PRODUCT_BUNDLE_IDENTIFIER = com.tothenew.BannerAdDemo;
				PRODUCT_NAME = "$(TARGET_NAME)";
				SWIFT_EMIT_LOC_STRINGS = YES;
				SWIFT_VERSION = 5.0;
				TARGETED_DEVICE_FAMILY = "1,2";
			};
			name = Debug;
		};
		05C4C7692D5F210700D8E6C7 /* Release */ = {
			isa = XCBuildConfiguration;
			buildSettings = {
				ASSETCATALOG_COMPILER_APPICON_NAME = AppIcon;
				ASSETCATALOG_COMPILER_GLOBAL_ACCENT_COLOR_NAME = AccentColor;
				CODE_SIGN_STYLE = Automatic;
				CURRENT_PROJECT_VERSION = 1;
				GENERATE_INFOPLIST_FILE = YES;
				INFOPLIST_FILE = BannerAdDemo/Info.plist;
				INFOPLIST_KEY_UIApplicationSupportsIndirectInputEvents = YES;
				INFOPLIST_KEY_UILaunchStoryboardName = LaunchScreen;
				INFOPLIST_KEY_UIMainStoryboardFile = Main;
				INFOPLIST_KEY_UISupportedInterfaceOrientations_iPad = "UIInterfaceOrientationPortrait UIInterfaceOrientationPortraitUpsideDown UIInterfaceOrientationLandscapeLeft UIInterfaceOrientationLandscapeRight";
				INFOPLIST_KEY_UISupportedInterfaceOrientations_iPhone = "UIInterfaceOrientationPortrait UIInterfaceOrientationLandscapeLeft UIInterfaceOrientationLandscapeRight";
				LD_RUNPATH_SEARCH_PATHS = (
					"$(inherited)",
					"@executable_path/Frameworks",
				);
				MARKETING_VERSION = 1.0;
				PRODUCT_BUNDLE_IDENTIFIER = com.tothenew.BannerAdDemo;
				PRODUCT_NAME = "$(TARGET_NAME)";
				SWIFT_EMIT_LOC_STRINGS = YES;
				SWIFT_VERSION = 5.0;
				TARGETED_DEVICE_FAMILY = "1,2";
			};
			name = Release;
		};
		05C4C76A2D5F210700D8E6C7 /* Debug */ = {
			isa = XCBuildConfiguration;
			buildSettings = {
				ALWAYS_SEARCH_USER_PATHS = NO;
				ASSETCATALOG_COMPILER_GENERATE_SWIFT_ASSET_SYMBOL_EXTENSIONS = YES;
				CLANG_ANALYZER_NONNULL = YES;
				CLANG_ANALYZER_NUMBER_OBJECT_CONVERSION = YES_AGGRESSIVE;
				CLANG_CXX_LANGUAGE_STANDARD = "gnu++20";
				CLANG_ENABLE_MODULES = YES;
				CLANG_ENABLE_OBJC_ARC = YES;
				CLANG_ENABLE_OBJC_WEAK = YES;
				CLANG_WARN_BLOCK_CAPTURE_AUTORELEASING = YES;
				CLANG_WARN_BOOL_CONVERSION = YES;
				CLANG_WARN_COMMA = YES;
				CLANG_WARN_CONSTANT_CONVERSION = YES;
				CLANG_WARN_DEPRECATED_OBJC_IMPLEMENTATIONS = YES;
				CLANG_WARN_DIRECT_OBJC_ISA_USAGE = YES_ERROR;
				CLANG_WARN_DOCUMENTATION_COMMENTS = YES;
				CLANG_WARN_EMPTY_BODY = YES;
				CLANG_WARN_ENUM_CONVERSION = YES;
				CLANG_WARN_INFINITE_RECURSION = YES;
				CLANG_WARN_INT_CONVERSION = YES;
				CLANG_WARN_NON_LITERAL_NULL_CONVERSION = YES;
				CLANG_WARN_OBJC_IMPLICIT_RETAIN_SELF = YES;
				CLANG_WARN_OBJC_LITERAL_CONVERSION = YES;
				CLANG_WARN_OBJC_ROOT_CLASS = YES_ERROR;
				CLANG_WARN_QUOTED_INCLUDE_IN_FRAMEWORK_HEADER = YES;
				CLANG_WARN_RANGE_LOOP_ANALYSIS = YES;
				CLANG_WARN_STRICT_PROTOTYPES = YES;
				CLANG_WARN_SUSPICIOUS_MOVE = YES;
				CLANG_WARN_UNGUARDED_AVAILABILITY = YES_AGGRESSIVE;
				CLANG_WARN_UNREACHABLE_CODE = YES;
				CLANG_WARN__DUPLICATE_METHOD_MATCH = YES;
				COPY_PHASE_STRIP = NO;
				DEBUG_INFORMATION_FORMAT = dwarf;
				ENABLE_STRICT_OBJC_MSGSEND = YES;
				ENABLE_TESTABILITY = YES;
				ENABLE_USER_SCRIPT_SANDBOXING = YES;
				GCC_C_LANGUAGE_STANDARD = gnu17;
				GCC_DYNAMIC_NO_PIC = NO;
				GCC_NO_COMMON_BLOCKS = YES;
				GCC_OPTIMIZATION_LEVEL = 0;
				GCC_PREPROCESSOR_DEFINITIONS = (
					"DEBUG=1",
					"$(inherited)",
				);
				GCC_WARN_64_TO_32_BIT_CONVERSION = YES;
				GCC_WARN_ABOUT_RETURN_TYPE = YES_ERROR;
				GCC_WARN_UNDECLARED_SELECTOR = YES;
				GCC_WARN_UNINITIALIZED_AUTOS = YES_AGGRESSIVE;
				GCC_WARN_UNUSED_FUNCTION = YES;
				GCC_WARN_UNUSED_VARIABLE = YES;
				IPHONEOS_DEPLOYMENT_TARGET = 18.2;
				LOCALIZATION_PREFERS_STRING_CATALOGS = YES;
				MTL_ENABLE_DEBUG_INFO = INCLUDE_SOURCE;
				MTL_FAST_MATH = YES;
				ONLY_ACTIVE_ARCH = YES;
				SDKROOT = iphoneos;
				SWIFT_ACTIVE_COMPILATION_CONDITIONS = "DEBUG $(inherited)";
				SWIFT_OPTIMIZATION_LEVEL = "-Onone";
			};
			name = Debug;
		};
		05C4C76B2D5F210700D8E6C7 /* Release */ = {
			isa = XCBuildConfiguration;
			buildSettings = {
				ALWAYS_SEARCH_USER_PATHS = NO;
				ASSETCATALOG_COMPILER_GENERATE_SWIFT_ASSET_SYMBOL_EXTENSIONS = YES;
				CLANG_ANALYZER_NONNULL = YES;
				CLANG_ANALYZER_NUMBER_OBJECT_CONVERSION = YES_AGGRESSIVE;
				CLANG_CXX_LANGUAGE_STANDARD = "gnu++20";
				CLANG_ENABLE_MODULES = YES;
				CLANG_ENABLE_OBJC_ARC = YES;
				CLANG_ENABLE_OBJC_WEAK = YES;
				CLANG_WARN_BLOCK_CAPTURE_AUTORELEASING = YES;
				CLANG_WARN_BOOL_CONVERSION = YES;
				CLANG_WARN_COMMA = YES;
				CLANG_WARN_CONSTANT_CONVERSION = YES;
				CLANG_WARN_DEPRECATED_OBJC_IMPLEMENTATIONS = YES;
				CLANG_WARN_DIRECT_OBJC_ISA_USAGE = YES_ERROR;
				CLANG_WARN_DOCUMENTATION_COMMENTS = YES;
				CLANG_WARN_EMPTY_BODY = YES;
				CLANG_WARN_ENUM_CONVERSION = YES;
				CLANG_WARN_INFINITE_RECURSION = YES;
				CLANG_WARN_INT_CONVERSION = YES;
				CLANG_WARN_NON_LITERAL_NULL_CONVERSION = YES;
				CLANG_WARN_OBJC_IMPLICIT_RETAIN_SELF = YES;
				CLANG_WARN_OBJC_LITERAL_CONVERSION = YES;
				CLANG_WARN_OBJC_ROOT_CLASS = YES_ERROR;
				CLANG_WARN_QUOTED_INCLUDE_IN_FRAMEWORK_HEADER = YES;
				CLANG_WARN_RANGE_LOOP_ANALYSIS = YES;
				CLANG_WARN_STRICT_PROTOTYPES = YES;
				CLANG_WARN_SUSPICIOUS_MOVE = YES;
				CLANG_WARN_UNGUARDED_AVAILABILITY = YES_AGGRESSIVE;
				CLANG_WARN_UNREACHABLE_CODE = YES;
				CLANG_WARN__DUPLICATE_METHOD_MATCH = YES;
				COPY_PHASE_STRIP = NO;
				DEBUG_INFORMATION_FORMAT = "dwarf-with-dsym";
				ENABLE_NS_ASSERTIONS = NO;
				ENABLE_STRICT_OBJC_MSGSEND = YES;
				ENABLE_USER_SCRIPT_SANDBOXING = YES;
				GCC_C_LANGUAGE_STANDARD = gnu17;
				GCC_NO_COMMON_BLOCKS = YES;
				GCC_WARN_64_TO_32_BIT_CONVERSION = YES;
				GCC_WARN_ABOUT_RETURN_TYPE = YES_ERROR;
				GCC_WARN_UNDECLARED_SELECTOR = YES;
				GCC_WARN_UNINITIALIZED_AUTOS = YES_AGGRESSIVE;
				GCC_WARN_UNUSED_FUNCTION = YES;
				GCC_WARN_UNUSED_VARIABLE = YES;
				IPHONEOS_DEPLOYMENT_TARGET = 18.2;
				LOCALIZATION_PREFERS_STRING_CATALOGS = YES;
				MTL_ENABLE_DEBUG_INFO = NO;
				MTL_FAST_MATH = YES;
				SDKROOT = iphoneos;
				SWIFT_COMPILATION_MODE = wholemodule;
				VALIDATE_PRODUCT = YES;
			};
			name = Release;
		};
		05C4C76D2D5F210700D8E6C7 /* Debug */ = {
			isa = XCBuildConfiguration;
			buildSettings = {
				BUNDLE_LOADER = "$(TEST_HOST)";
				CODE_SIGN_STYLE = Automatic;
				CURRENT_PROJECT_VERSION = 1;
				GENERATE_INFOPLIST_FILE = YES;
				IPHONEOS_DEPLOYMENT_TARGET = 18.2;
				MARKETING_VERSION = 1.0;
				PRODUCT_BUNDLE_IDENTIFIER = com.tothenew.BannerAdDemoTests;
				PRODUCT_NAME = "$(TARGET_NAME)";
				SWIFT_EMIT_LOC_STRINGS = NO;
				SWIFT_VERSION = 5.0;
				TARGETED_DEVICE_FAMILY = "1,2";
				TEST_HOST = "$(BUILT_PRODUCTS_DIR)/BannerAdDemo.app/$(BUNDLE_EXECUTABLE_FOLDER_PATH)/BannerAdDemo";
			};
			name = Debug;
		};
		05C4C76E2D5F210700D8E6C7 /* Release */ = {
			isa = XCBuildConfiguration;
			buildSettings = {
				BUNDLE_LOADER = "$(TEST_HOST)";
				CODE_SIGN_STYLE = Automatic;
				CURRENT_PROJECT_VERSION = 1;
				GENERATE_INFOPLIST_FILE = YES;
				IPHONEOS_DEPLOYMENT_TARGET = 18.2;
				MARKETING_VERSION = 1.0;
				PRODUCT_BUNDLE_IDENTIFIER = com.tothenew.BannerAdDemoTests;
				PRODUCT_NAME = "$(TARGET_NAME)";
				SWIFT_EMIT_LOC_STRINGS = NO;
				SWIFT_VERSION = 5.0;
				TARGETED_DEVICE_FAMILY = "1,2";
				TEST_HOST = "$(BUILT_PRODUCTS_DIR)/BannerAdDemo.app/$(BUNDLE_EXECUTABLE_FOLDER_PATH)/BannerAdDemo";
			};
			name = Release;
		};
		05C4C7702D5F210700D8E6C7 /* Debug */ = {
			isa = XCBuildConfiguration;
			buildSettings = {
				CODE_SIGN_STYLE = Automatic;
				CURRENT_PROJECT_VERSION = 1;
				GENERATE_INFOPLIST_FILE = YES;
				MARKETING_VERSION = 1.0;
				PRODUCT_BUNDLE_IDENTIFIER = com.tothenew.BannerAdDemoUITests;
				PRODUCT_NAME = "$(TARGET_NAME)";
				SWIFT_EMIT_LOC_STRINGS = NO;
				SWIFT_VERSION = 5.0;
				TARGETED_DEVICE_FAMILY = "1,2";
				TEST_TARGET_NAME = BannerAdDemo;
			};
			name = Debug;
		};
		05C4C7712D5F210700D8E6C7 /* Release */ = {
			isa = XCBuildConfiguration;
			buildSettings = {
				CODE_SIGN_STYLE = Automatic;
				CURRENT_PROJECT_VERSION = 1;
				GENERATE_INFOPLIST_FILE = YES;
				MARKETING_VERSION = 1.0;
				PRODUCT_BUNDLE_IDENTIFIER = com.tothenew.BannerAdDemoUITests;
				PRODUCT_NAME = "$(TARGET_NAME)";
				SWIFT_EMIT_LOC_STRINGS = NO;
				SWIFT_VERSION = 5.0;
				TARGETED_DEVICE_FAMILY = "1,2";
				TEST_TARGET_NAME = BannerAdDemo;
			};
			name = Release;
		};
/* End XCBuildConfiguration section */

/* Begin XCConfigurationList section */
		05C4C7392D5F210500D8E6C7 /* Build configuration list for PBXProject "BannerAdDemo" */ = {
			isa = XCConfigurationList;
			buildConfigurations = (
				05C4C76A2D5F210700D8E6C7 /* Debug */,
				05C4C76B2D5F210700D8E6C7 /* Release */,
			);
			defaultConfigurationIsVisible = 0;
			defaultConfigurationName = Release;
		};
		05C4C7672D5F210700D8E6C7 /* Build configuration list for PBXNativeTarget "BannerAdDemo" */ = {
			isa = XCConfigurationList;
			buildConfigurations = (
				05C4C7682D5F210700D8E6C7 /* Debug */,
				05C4C7692D5F210700D8E6C7 /* Release */,
			);
			defaultConfigurationIsVisible = 0;
			defaultConfigurationName = Release;
		};
		05C4C76C2D5F210700D8E6C7 /* Build configuration list for PBXNativeTarget "BannerAdDemoTests" */ = {
			isa = XCConfigurationList;
			buildConfigurations = (
				05C4C76D2D5F210700D8E6C7 /* Debug */,
				05C4C76E2D5F210700D8E6C7 /* Release */,
			);
			defaultConfigurationIsVisible = 0;
			defaultConfigurationName = Release;
		};
		05C4C76F2D5F210700D8E6C7 /* Build configuration list for PBXNativeTarget "BannerAdDemoUITests" */ = {
			isa = XCConfigurationList;
			buildConfigurations = (
				05C4C7702D5F210700D8E6C7 /* Debug */,
				05C4C7712D5F210700D8E6C7 /* Release */,
			);
			defaultConfigurationIsVisible = 0;
			defaultConfigurationName = Release;
		};
/* End XCConfigurationList section */
	};
	rootObject = 05C4C7362D5F210500D8E6C7 /* Project object */;
}
