// !$*UTF8*$!
{
	archiveVersion = 1;
	classes = {
	};
	objectVersion = 77;
	objects = {

/* Begin PBXBuildFile section */
		C40449FC66C144014A4594DF /* Pods_BannerAdDemoTests.framework in Frameworks */ = {isa = PBXBuildFile; fileRef = 7FCE96F199D459DA254D18F6 /* Pods_BannerAdDemoTests.framework */; };
		E79BFC016F0A5F5CC8E086CC /* Pods_BannerAdDemo_BannerAdDemoUITests.framework in Frameworks */ = {isa = PBXBuildFile; fileRef = CBEB3D9F5F6CC96838D9FC6C /* Pods_BannerAdDemo_BannerAdDemoUITests.framework */; };
		F6995B74DCA983BC8D17A0D8 /* Pods_BannerAdDemo.framework in Frameworks */ = {isa = PBXBuildFile; fileRef = E9FFAFB061928C29E43D9E23 /* Pods_BannerAdDemo.framework */; };
/* End PBXBuildFile section */

/* Begin PBXContainerItemProxy section */
		05C4C7552D5F210700D8E6C7 /* PBXContainerItemProxy */ = {
			isa = PBXContainerItemProxy;
			containerPortal = 05C4C7362D5F210500D8E6C7 /* Project object */;
			proxyType = 1;
			remoteGlobalIDString = 05C4C73D2D5F210500D8E6C7;
			remoteInfo = BannerAdDemo;
		};
		05C4C75F2D5F210700D8E6C7 /* PBXContainerItemProxy */ = {
			isa = PBXContainerItemProxy;
			containerPortal = 05C4C7362D5F210500D8E6C7 /* Project object */;
			proxyType = 1;
			remoteGlobalIDString = 05C4C73D2D5F210500D8E6C7;
			remoteInfo = BannerAdDemo;
		};
/* End PBXContainerItemProxy section */

/* Begin PBXFileReference section */
		05C4C73E2D5F210500D8E6C7 /* BannerAdDemo.app */ = {isa = PBXFileReference; explicitFileType = wrapper.application; includeInIndex = 0; path = BannerAdDemo.app; sourceTree = BUILT_PRODUCTS_DIR; };
		05C4C7542D5F210700D8E6C7 /* BannerAdDemoTests.xctest */ = {isa = PBXFileReference; explicitFileType = wrapper.cfbundle; includeInIndex = 0; path = BannerAdDemoTests.xctest; sourceTree = BUILT_PRODUCTS_DIR; };
		05C4C75E2D5F210700D8E6C7 /* BannerAdDemoUITests.xctest */ = {isa = PBXFileReference; explicitFileType = wrapper.cfbundle; includeInIndex = 0; path = BannerAdDemoUITests.xctest; sourceTree = BUILT_PRODUCTS_DIR; };
		11A5CBA61B914E8F3340012D /* Pods-BannerAdDemo-BannerAdDemoUITests.debug.xcconfig */ = {isa = PBXFileReference; includeInIndex = 1; lastKnownFileType = text.xcconfig; name = "Pods-BannerAdDemo-BannerAdDemoUITests.debug.xcconfig"; path = "Target Support Files/Pods-BannerAdDemo-BannerAdDemoUITests/Pods-BannerAdDemo-BannerAdDemoUITests.debug.xcconfig"; sourceTree = "<group>"; };
		7FCE96F199D459DA254D18F6 /* Pods_BannerAdDemoTests.framework */ = {isa = PBXFileReference; explicitFileType = wrapper.framework; includeInIndex = 0; path = Pods_BannerAdDemoTests.framework; sourceTree = BUILT_PRODUCTS_DIR; };
		9ED1555DC2BEFD5BDC27D544 /* Pods-BannerAdDemo-BannerAdDemoUITests.release.xcconfig */ = {isa = PBXFileReference; includeInIndex = 1; lastKnownFileType = text.xcconfig; name = "Pods-BannerAdDemo-BannerAdDemoUITests.release.xcconfig"; path = "Target Support Files/Pods-BannerAdDemo-BannerAdDemoUITests/Pods-BannerAdDemo-BannerAdDemoUITests.release.xcconfig"; sourceTree = "<group>"; };
		A460A557DD4E5E144CC9F47B /* Pods-BannerAdDemoTests.debug.xcconfig */ = {isa = PBXFileReference; includeInIndex = 1; lastKnownFileType = text.xcconfig; name = "Pods-BannerAdDemoTests.debug.xcconfig"; path = "Target Support Files/Pods-BannerAdDemoTests/Pods-BannerAdDemoTests.debug.xcconfig"; sourceTree = "<group>"; };
		A5895CE4EF1DCA65CBCE96FF /* Pods-BannerAdDemo.release.xcconfig */ = {isa = PBXFileReference; includeInIndex = 1; lastKnownFileType = text.xcconfig; name = "Pods-BannerAdDemo.release.xcconfig"; path = "Target Support Files/Pods-BannerAdDemo/Pods-BannerAdDemo.release.xcconfig"; sourceTree = "<group>"; };
		CBEB3D9F5F6CC96838D9FC6C /* Pods_BannerAdDemo_BannerAdDemoUITests.framework */ = {isa = PBXFileReference; explicitFileType = wrapper.framework; includeInIndex = 0; path = Pods_BannerAdDemo_BannerAdDemoUITests.framework; sourceTree = BUILT_PRODUCTS_DIR; };
		D1F068182C7DA581AE60CAE1 /* Pods-BannerAdDemoTests.release.xcconfig */ = {isa = PBXFileReference; includeInIndex = 1; lastKnownFileType = text.xcconfig; name = "Pods-BannerAdDemoTests.release.xcconfig"; path = "Target Support Files/Pods-BannerAdDemoTests/Pods-BannerAdDemoTests.release.xcconfig"; sourceTree = "<group>"; };
		D763EFAEFE587CCC1ECCD016 /* Pods-BannerAdDemo.debug.xcconfig */ = {isa = PBXFileReference; includeInIndex = 1; lastKnownFileType = text.xcconfig; name = "Pods-BannerAdDemo.debug.xcconfig"; path = "Target Support Files/Pods-BannerAdDemo/Pods-BannerAdDemo.debug.xcconfig"; sourceTree = "<group>"; };
		E9FFAFB061928C29E43D9E23 /* Pods_BannerAdDemo.framework */ = {isa = PBXFileReference; explicitFileType = wrapper.framework; includeInIndex = 0; path = Pods_BannerAdDemo.framework; sourceTree = BUILT_PRODUCTS_DIR; };
/* End PBXFileReference section */

/* Begin PBXFileSystemSynchronizedBuildFileExceptionSet section */
		05C4C7662D5F210700D8E6C7 /* Exceptions for "BannerAdDemo" folder in "BannerAdDemo" target */ = {
			isa = PBXFileSystemSynchronizedBuildFileExceptionSet;
			membershipExceptions = (
				Info.plist,
			);
			target = 05C4C73D2D5F210500D8E6C7 /* BannerAdDemo */;
		};
/* End PBXFileSystemSynchronizedBuildFileExceptionSet section */

/* Begin PBXFileSystemSynchronizedRootGroup section */
		05C4C7402D5F210500D8E6C7 /* BannerAdDemo */ = {
			isa = PBXFileSystemSynchronizedRootGroup;
			exceptions = (
				05C4C7662D5F210700D8E6C7 /* Exceptions for "BannerAdDemo" folder in "BannerAdDemo" target */,
			);
			path = BannerAdDemo;
			sourceTree = "<group>";
		};
		05C4C7572D5F210700D8E6C7 /* BannerAdDemoTests */ = {
			isa = PBXFileSystemSynchronizedRootGroup;
			path = BannerAdDemoTests;
			sourceTree = "<group>";
		};
		05C4C7612D5F210700D8E6C7 /* BannerAdDemoUITests */ = {
			isa = PBXFileSystemSynchronizedRootGroup;
			path = BannerAdDemoUITests;
			sourceTree = "<group>";
		};
/* End PBXFileSystemSynchronizedRootGroup section */

/* Begin PBXFrameworksBuildPhase section */
		05C4C73B2D5F210500D8E6C7 /* Frameworks */ = {
			isa = PBXFrameworksBuildPhase;
			buildActionMask = 2147483647;
			files = (
				F6995B74DCA983BC8D17A0D8 /* Pods_BannerAdDemo.framework in Frameworks */,
			);
			runOnlyForDeploymentPostprocessing = 0;
		};
		05C4C7512D5F210700D8E6C7 /* Frameworks */ = {
			isa = PBXFrameworksBuildPhase;
			buildActionMask = 2147483647;
			files = (
				C40449FC66C144014A4594DF /* Pods_BannerAdDemoTests.framework in Frameworks */,
			);
			runOnlyForDeploymentPostprocessing = 0;
		};
		05C4C75B2D5F210700D8E6C7 /* Frameworks */ = {
			isa = PBXFrameworksBuildPhase;
			buildActionMask = 2147483647;
			files = (
				E79BFC016F0A5F5CC8E086CC /* Pods_BannerAdDemo_BannerAdDemoUITests.framework in Frameworks */,
			);
			runOnlyForDeploymentPostprocessing = 0;
		};
/* End PBXFrameworksBuildPhase section */

/* Begin PBXGroup section */
		05C4C7352D5F210500D8E6C7 = {
			isa = PBXGroup;
			children = (
				05C4C7402D5F210500D8E6C7 /* BannerAdDemo */,
				05C4C7572D5F210700D8E6C7 /* BannerAdDemoTests */,
				05C4C7612D5F210700D8E6C7 /* BannerAdDemoUITests */,
				05C4C73F2D5F210500D8E6C7 /* Products */,
				0D141A664DD552357A0564CA /* Pods */,
				19630DAC2A15CA82ED68FD90 /* Frameworks */,
			);
			sourceTree = "<group>";
		};
		05C4C73F2D5F210500D8E6C7 /* Products */ = {
			isa = PBXGroup;
			children = (
				05C4C73E2D5F210500D8E6C7 /* BannerAdDemo.app */,
				05C4C7542D5F210700D8E6C7 /* BannerAdDemoTests.xctest */,
				05C4C75E2D5F210700D8E6C7 /* BannerAdDemoUITests.xctest */,
			);
			name = Products;
			sourceTree = "<group>";
		};
		0D141A664DD552357A0564CA /* Pods */ = {
			isa = PBXGroup;
			children = (
				D763EFAEFE587CCC1ECCD016 /* Pods-BannerAdDemo.debug.xcconfig */,
				A5895CE4EF1DCA65CBCE96FF /* Pods-BannerAdDemo.release.xcconfig */,
				11A5CBA61B914E8F3340012D /* Pods-BannerAdDemo-BannerAdDemoUITests.debug.xcconfig */,
				9ED1555DC2BEFD5BDC27D544 /* Pods-BannerAdDemo-BannerAdDemoUITests.release.xcconfig */,
				A460A557DD4E5E144CC9F47B /* Pods-BannerAdDemoTests.debug.xcconfig */,
				D1F068182C7DA581AE60CAE1 /* Pods-BannerAdDemoTests.release.xcconfig */,
			);
			path = Pods;
			sourceTree = "<group>";
		};
		19630DAC2A15CA82ED68FD90 /* Frameworks */ = {
			isa = PBXGroup;
			children = (
				E9FFAFB061928C29E43D9E23 /* Pods_BannerAdDemo.framework */,
				CBEB3D9F5F6CC96838D9FC6C /* Pods_BannerAdDemo_BannerAdDemoUITests.framework */,
				7FCE96F199D459DA254D18F6 /* Pods_BannerAdDemoTests.framework */,
			);
			name = Frameworks;
			sourceTree = "<group>";
		};
/* End PBXGroup section */

/* Begin PBXNativeTarget section */
		05C4C73D2D5F210500D8E6C7 /* BannerAdDemo */ = {
			isa = PBXNativeTarget;
			buildConfigurationList = 05C4C7672D5F210700D8E6C7 /* Build configuration list for PBXNativeTarget "BannerAdDemo" */;
			buildPhases = (
				42E2B5FE14BEA911E44DA55E /* [CP] Check Pods Manifest.lock */,
				05C4C73A2D5F210500D8E6C7 /* Sources */,
				05C4C73B2D5F210500D8E6C7 /* Frameworks */,
				05C4C73C2D5F210500D8E6C7 /* Resources */,
				45FF4F913ACAB3C39A6F518E /* [CP] Copy Pods Resources */,
			);
			buildRules = (
			);
			dependencies = (
			);
			fileSystemSynchronizedGroups = (
				05C4C7402D5F210500D8E6C7 /* BannerAdDemo */,
			);
			name = BannerAdDemo;
			productName = BannerAdDemo;
			productReference = 05C4C73E2D5F210500D8E6C7 /* BannerAdDemo.app */;
			productType = "com.apple.product-type.application";
		};
		05C4C7532D5F210700D8E6C7 /* BannerAdDemoTests */ = {
			isa = PBXNativeTarget;
			buildConfigurationList = 05C4C76C2D5F210700D8E6C7 /* Build configuration list for PBXNativeTarget "BannerAdDemoTests" */;
			buildPhases = (
				68244F6DA4F24457D7C036F3 /* [CP] Check Pods Manifest.lock */,
				05C4C7502D5F210700D8E6C7 /* Sources */,
				05C4C7512D5F210700D8E6C7 /* Frameworks */,
				05C4C7522D5F210700D8E6C7 /* Resources */,
			);
			buildRules = (
			);
			dependencies = (
				05C4C7562D5F210700D8E6C7 /* PBXTargetDependency */,
			);
			fileSystemSynchronizedGroups = (
				05C4C7572D5F210700D8E6C7 /* BannerAdDemoTests */,
			);
			name = BannerAdDemoTests;
			productName = BannerAdDemoTests;
			productReference = 05C4C7542D5F210700D8E6C7 /* BannerAdDemoTests.xctest */;
			productType = "com.apple.product-type.bundle.unit-test";
		};
		05C4C75D2D5F210700D8E6C7 /* BannerAdDemoUITests */ = {
			isa = PBXNativeTarget;
			buildConfigurationList = 05C4C76F2D5F210700D8E6C7 /* Build configuration list for PBXNativeTarget "BannerAdDemoUITests" */;
			buildPhases = (
				9B6426D90A5959B1F13D681E /* [CP] Check Pods Manifest.lock */,
				05C4C75A2D5F210700D8E6C7 /* Sources */,
				05C4C75B2D5F210700D8E6C7 /* Frameworks */,
				05C4C75C2D5F210700D8E6C7 /* Resources */,
				43634513BADD58FDD05DAB73 /* [CP] Copy Pods Resources */,
			);
			buildRules = (
			);
			dependencies = (
				05C4C7602D5F210700D8E6C7 /* PBXTargetDependency */,
			);
			fileSystemSynchronizedGroups = (
				05C4C7612D5F210700D8E6C7 /* BannerAdDemoUITests */,
			);
			name = BannerAdDemoUITests;
			productName = BannerAdDemoUITests;
			productReference = 05C4C75E2D5F210700D8E6C7 /* BannerAdDemoUITests.xctest */;
			productType = "com.apple.product-type.bundle.ui-testing";
		};
/* End PBXNativeTarget section */

/* Begin PBXProject section */
		05C4C7362D5F210500D8E6C7 /* Project object */ = {
			isa = PBXProject;
			attributes = {
				BuildIndependentTargetsInParallel = 1;
				LastSwiftUpdateCheck = 1620;
				LastUpgradeCheck = 1620;
				TargetAttributes = {
					05C4C73D2D5F210500D8E6C7 = {
						CreatedOnToolsVersion = 16.2;
					};
					05C4C7532D5F210700D8E6C7 = {
						CreatedOnToolsVersion = 16.2;
						TestTargetID = 05C4C73D2D5F210500D8E6C7;
					};
					05C4C75D2D5F210700D8E6C7 = {
						CreatedOnToolsVersion = 16.2;
						TestTargetID = 05C4C73D2D5F210500D8E6C7;
					};
				};
			};
			buildConfigurationList = 05C4C7392D5F210500D8E6C7 /* Build configuration list for PBXProject "BannerAdDemo" */;
			developmentRegion = en;
			hasScannedForEncodings = 0;
			knownRegions = (
				en,
				Base,
			);
			mainGroup = 05C4C7352D5F210500D8E6C7;
			minimizedProjectReferenceProxies = 1;
			preferredProjectObjectVersion = 77;
			productRefGroup = 05C4C73F2D5F210500D8E6C7 /* Products */;
			projectDirPath = "";
			projectRoot = "";
			targets = (
				05C4C73D2D5F210500D8E6C7 /* BannerAdDemo */,
				05C4C7532D5F210700D8E6C7 /* BannerAdDemoTests */,
				05C4C75D2D5F210700D8E6C7 /* BannerAdDemoUITests */,
			);
		};
/* End PBXProject section */

/* Begin PBXResourcesBuildPhase section */
		05C4C73C2D5F210500D8E6C7 /* Resources */ = {
			isa = PBXResourcesBuildPhase;
			buildActionMask = 2147483647;
			files = (
			);
			runOnlyForDeploymentPostprocessing = 0;
		};
		05C4C7522D5F210700D8E6C7 /* Resources */ = {
			isa = PBXResourcesBuildPhase;
			buildActionMask = 2147483647;
			files = (
			);
			runOnlyForDeploymentPostprocessing = 0;
		};
		05C4C75C2D5F210700D8E6C7 /* Resources */ = {
			isa = PBXResourcesBuildPhase;
			buildActionMask = 2147483647;
			files = (
			);
			runOnlyForDeploymentPostprocessing = 0;
		};
/* End PBXResourcesBuildPhase section */

/* Begin PBXShellScriptBuildPhase section */
		42E2B5FE14BEA911E44DA55E /* [CP] Check Pods Manifest.lock */ = {
			isa = PBXShellScriptBuildPhase;
			buildActionMask = 2147483647;
			files = (
			);
			inputFileListPaths = (
			);
			inputPaths = (
				"${PODS_PODFILE_DIR_PATH}/Podfile.lock",
				"${PODS_ROOT}/Manifest.lock",
			);
			name = "[CP] Check Pods Manifest.lock";
			outputFileListPaths = (
			);
			outputPaths = (
				"$(DERIVED_FILE_DIR)/Pods-BannerAdDemo-checkManifestLockResult.txt",
			);
			runOnlyForDeploymentPostprocessing = 0;
			shellPath = /bin/sh;
			shellScript = "diff \"${PODS_PODFILE_DIR_PATH}/Podfile.lock\" \"${PODS_ROOT}/Manifest.lock\" > /dev/null\nif [ $? != 0 ] ; then\n    # print error to STDERR\n    echo \"error: The sandbox is not in sync with the Podfile.lock. Run 'pod install' or update your CocoaPods installation.\" >&2\n    exit 1\nfi\n# This output is used by Xcode 'outputs' to avoid re-running this script phase.\necho \"SUCCESS\" > \"${SCRIPT_OUTPUT_FILE_0}\"\n";
			showEnvVarsInLog = 0;
		};
		43634513BADD58FDD05DAB73 /* [CP] Copy Pods Resources */ = {
			isa = PBXShellScriptBuildPhase;
			buildActionMask = 2147483647;
			files = (
			);
			inputFileListPaths = (
				"${PODS_ROOT}/Target Support Files/Pods-BannerAdDemo-BannerAdDemoUITests/Pods-BannerAdDemo-BannerAdDemoUITests-resources-${CONFIGURATION}-input-files.xcfilelist",
			);
			name = "[CP] Copy Pods Resources";
			outputFileListPaths = (
				"${PODS_ROOT}/Target Support Files/Pods-BannerAdDemo-BannerAdDemoUITests/Pods-BannerAdDemo-BannerAdDemoUITests-resources-${CONFIGURATION}-output-files.xcfilelist",
			);
			runOnlyForDeploymentPostprocessing = 0;
			shellPath = /bin/sh;
			shellScript = "\"${PODS_ROOT}/Target Support Files/Pods-BannerAdDemo-BannerAdDemoUITests/Pods-BannerAdDemo-BannerAdDemoUITests-resources.sh\"\n";
			showEnvVarsInLog = 0;
		};
		45FF4F913ACAB3C39A6F518E /* [CP] Copy Pods Resources */ = {
			isa = PBXShellScriptBuildPhase;
			buildActionMask = 2147483647;
			files = (
			);
			inputFileListPaths = (
				"${PODS_ROOT}/Target Support Files/Pods-BannerAdDemo/Pods-BannerAdDemo-resources-${CONFIGURATION}-input-files.xcfilelist",
			);
			name = "[CP] Copy Pods Resources";
			outputFileListPaths = (
				"${PODS_ROOT}/Target Support Files/Pods-BannerAdDemo/Pods-BannerAdDemo-resources-${CONFIGURATION}-output-files.xcfilelist",
			);
			runOnlyForDeploymentPostprocessing = 0;
			shellPath = /bin/sh;
			shellScript = "\"${PODS_ROOT}/Target Support Files/Pods-BannerAdDemo/Pods-BannerAdDemo-resources.sh\"\n";
			showEnvVarsInLog = 0;
		};
		68244F6DA4F24457D7C036F3 /* [CP] Check Pods Manifest.lock */ = {
			isa = PBXShellScriptBuildPhase;
			buildActionMask = 2147483647;
			files = (
			);
			inputFileListPaths = (
			);
			inputPaths = (
				"${PODS_PODFILE_DIR_PATH}/Podfile.lock",
				"${PODS_ROOT}/Manifest.lock",
			);
			name = "[CP] Check Pods Manifest.lock";
			outputFileListPaths = (
			);
			outputPaths = (
				"$(DERIVED_FILE_DIR)/Pods-BannerAdDemoTests-checkManifestLockResult.txt",
			);
			runOnlyForDeploymentPostprocessing = 0;
			shellPath = /bin/sh;
			shellScript = "diff \"${PODS_PODFILE_DIR_PATH}/Podfile.lock\" \"${PODS_ROOT}/Manifest.lock\" > /dev/null\nif [ $? != 0 ] ; then\n    # print error to STDERR\n    echo \"error: The sandbox is not in sync with the Podfile.lock. Run 'pod install' or update your CocoaPods installation.\" >&2\n    exit 1\nfi\n# This output is used by Xcode 'outputs' to avoid re-running this script phase.\necho \"SUCCESS\" > \"${SCRIPT_OUTPUT_FILE_0}\"\n";
			showEnvVarsInLog = 0;
		};
		9B6426D90A5959B1F13D681E /* [CP] Check Pods Manifest.lock */ = {
			isa = PBXShellScriptBuildPhase;
			buildActionMask = 2147483647;
			files = (
			);
			inputFileListPaths = (
			);
			inputPaths = (
				"${PODS_PODFILE_DIR_PATH}/Podfile.lock",
				"${PODS_ROOT}/Manifest.lock",
			);
			name = "[CP] Check Pods Manifest.lock";
			outputFileListPaths = (
			);
			outputPaths = (
				"$(DERIVED_FILE_DIR)/Pods-BannerAdDemo-BannerAdDemoUITests-checkManifestLockResult.txt",
			);
			runOnlyForDeploymentPostprocessing = 0;
			shellPath = /bin/sh;
			shellScript = "diff \"${PODS_PODFILE_DIR_PATH}/Podfile.lock\" \"${PODS_ROOT}/Manifest.lock\" > /dev/null\nif [ $? != 0 ] ; then\n    # print error to STDERR\n    echo \"error: The sandbox is not in sync with the Podfile.lock. Run 'pod install' or update your CocoaPods installation.\" >&2\n    exit 1\nfi\n# This output is used by Xcode 'outputs' to avoid re-running this script phase.\necho \"SUCCESS\" > \"${SCRIPT_OUTPUT_FILE_0}\"\n";
			showEnvVarsInLog = 0;
		};
/* End PBXShellScriptBuildPhase section */

/* Begin PBXSourcesBuildPhase section */
		05C4C73A2D5F210500D8E6C7 /* Sources */ = {
			isa = PBXSourcesBuildPhase;
			buildActionMask = 2147483647;
			files = (
			);
			runOnlyForDeploymentPostprocessing = 0;
		};
		05C4C7502D5F210700D8E6C7 /* Sources */ = {
			isa = PBXSourcesBuildPhase;
			buildActionMask = 2147483647;
			files = (
			);
			runOnlyForDeploymentPostprocessing = 0;
		};
		05C4C75A2D5F210700D8E6C7 /* Sources */ = {
			isa = PBXSourcesBuildPhase;
			buildActionMask = 2147483647;
			files = (
			);
			runOnlyForDeploymentPostprocessing = 0;
		};
/* End PBXSourcesBuildPhase section */

/* Begin PBXTargetDependency section */
		05C4C7562D5F210700D8E6C7 /* PBXTargetDependency */ = {
			isa = PBXTargetDependency;
			target = 05C4C73D2D5F210500D8E6C7 /* BannerAdDemo */;
			targetProxy = 05C4C7552D5F210700D8E6C7 /* PBXContainerItemProxy */;
		};
		05C4C7602D5F210700D8E6C7 /* PBXTargetDependency */ = {
			isa = PBXTargetDependency;
			target = 05C4C73D2D5F210500D8E6C7 /* BannerAdDemo */;
			targetProxy = 05C4C75F2D5F210700D8E6C7 /* PBXContainerItemProxy */;
		};
/* End PBXTargetDependency section */

/* Begin XCBuildConfiguration section */
		05C4C7682D5F210700D8E6C7 /* Debug */ = {
			isa = XCBuildConfiguration;
			baseConfigurationReference = D763EFAEFE587CCC1ECCD016 /* Pods-BannerAdDemo.debug.xcconfig */;
			buildSettings = {
				ASSETCATALOG_COMPILER_APPICON_NAME = AppIcon;
				ASSETCATALOG_COMPILER_GLOBAL_ACCENT_COLOR_NAME = AccentColor;
				CODE_SIGN_STYLE = Automatic;
				CURRENT_PROJECT_VERSION = 1;
				ENABLE_USER_SCRIPT_SANDBOXING = NO;
				GENERATE_INFOPLIST_FILE = YES;
				INFOPLIST_FILE = BannerAdDemo/Info.plist;
				INFOPLIST_KEY_UIApplicationSupportsIndirectInputEvents = YES;
				INFOPLIST_KEY_UILaunchStoryboardName = LaunchScreen;
				INFOPLIST_KEY_UIMainStoryboardFile = Main;
				INFOPLIST_KEY_UISupportedInterfaceOrientations_iPad = "UIInterfaceOrientationPortrait UIInterfaceOrientationPortraitUpsideDown UIInterfaceOrientationLandscapeLeft UIInterfaceOrientationLandscapeRight";
				INFOPLIST_KEY_UISupportedInterfaceOrientations_iPhone = "UIInterfaceOrientationPortrait UIInterfaceOrientationLandscapeLeft UIInterfaceOrientationLandscapeRight";
				LD_RUNPATH_SEARCH_PATHS = (
					"$(inherited)",
					"@executable_path/Frameworks",
				);
				MARKETING_VERSION = 1.0;
				PRODUCT_BUNDLE_IDENTIFIER = com.tothenew.BannerAdDemo;
				PRODUCT_NAME = "$(TARGET_NAME)";
				SWIFT_EMIT_LOC_STRINGS = YES;
				SWIFT_VERSION = 5.0;
				TARGETED_DEVICE_FAMILY = "1,2";
			};
			name = Debug;
		};
		05C4C7692D5F210700D8E6C7 /* Release */ = {
			isa = XCBuildConfiguration;
			baseConfigurationReference = A5895CE4EF1DCA65CBCE96FF /* Pods-BannerAdDemo.release.xcconfig */;
			buildSettings = {
				ASSETCATALOG_COMPILER_APPICON_NAME = AppIcon;
				ASSETCATALOG_COMPILER_GLOBAL_ACCENT_COLOR_NAME = AccentColor;
				CODE_SIGN_STYLE = Automatic;
				CURRENT_PROJECT_VERSION = 1;
				ENABLE_USER_SCRIPT_SANDBOXING = NO;
				GENERATE_INFOPLIST_FILE = YES;
				INFOPLIST_FILE = BannerAdDemo/Info.plist;
				INFOPLIST_KEY_UIApplicationSupportsIndirectInputEvents = YES;
				INFOPLIST_KEY_UILaunchStoryboardName = LaunchScreen;
				INFOPLIST_KEY_UIMainStoryboardFile = Main;
				INFOPLIST_KEY_UISupportedInterfaceOrientations_iPad = "UIInterfaceOrientationPortrait UIInterfaceOrientationPortraitUpsideDown UIInterfaceOrientationLandscapeLeft UIInterfaceOrientationLandscapeRight";
				INFOPLIST_KEY_UISupportedInterfaceOrientations_iPhone = "UIInterfaceOrientationPortrait UIInterfaceOrientationLandscapeLeft UIInterfaceOrientationLandscapeRight";
				LD_RUNPATH_SEARCH_PATHS = (
					"$(inherited)",
					"@executable_path/Frameworks",
				);
				MARKETING_VERSION = 1.0;
				PRODUCT_BUNDLE_IDENTIFIER = com.tothenew.BannerAdDemo;
				PRODUCT_NAME = "$(TARGET_NAME)";
				SWIFT_EMIT_LOC_STRINGS = YES;
				SWIFT_VERSION = 5.0;
				TARGETED_DEVICE_FAMILY = "1,2";
			};
			name = Release;
		};
		05C4C76A2D5F210700D8E6C7 /* Debug */ = {
			isa = XCBuildConfiguration;
			buildSettings = {
				ALWAYS_SEARCH_USER_PATHS = NO;
				ASSETCATALOG_COMPILER_GENERATE_SWIFT_ASSET_SYMBOL_EXTENSIONS = YES;
				CLANG_ANALYZER_NONNULL = YES;
				CLANG_ANALYZER_NUMBER_OBJECT_CONVERSION = YES_AGGRESSIVE;
				CLANG_CXX_LANGUAGE_STANDARD = "gnu++20";
				CLANG_ENABLE_MODULES = YES;
				CLANG_ENABLE_OBJC_ARC = YES;
				CLANG_ENABLE_OBJC_WEAK = YES;
				CLANG_WARN_BLOCK_CAPTURE_AUTORELEASING = YES;
				CLANG_WARN_BOOL_CONVERSION = YES;
				CLANG_WARN_COMMA = YES;
				CLANG_WARN_CONSTANT_CONVERSION = YES;
				CLANG_WARN_DEPRECATED_OBJC_IMPLEMENTATIONS = YES;
				CLANG_WARN_DIRECT_OBJC_ISA_USAGE = YES_ERROR;
				CLANG_WARN_DOCUMENTATION_COMMENTS = YES;
				CLANG_WARN_EMPTY_BODY = YES;
				CLANG_WARN_ENUM_CONVERSION = YES;
				CLANG_WARN_INFINITE_RECURSION = YES;
				CLANG_WARN_INT_CONVERSION = YES;
				CLANG_WARN_NON_LITERAL_NULL_CONVERSION = YES;
				CLANG_WARN_OBJC_IMPLICIT_RETAIN_SELF = YES;
				CLANG_WARN_OBJC_LITERAL_CONVERSION = YES;
				CLANG_WARN_OBJC_ROOT_CLASS = YES_ERROR;
				CLANG_WARN_QUOTED_INCLUDE_IN_FRAMEWORK_HEADER = YES;
				CLANG_WARN_RANGE_LOOP_ANALYSIS = YES;
				CLANG_WARN_STRICT_PROTOTYPES = YES;
				CLANG_WARN_SUSPICIOUS_MOVE = YES;
				CLANG_WARN_UNGUARDED_AVAILABILITY = YES_AGGRESSIVE;
				CLANG_WARN_UNREACHABLE_CODE = YES;
				CLANG_WARN__DUPLICATE_METHOD_MATCH = YES;
				COPY_PHASE_STRIP = NO;
				DEBUG_INFORMATION_FORMAT = dwarf;
				ENABLE_STRICT_OBJC_MSGSEND = YES;
				ENABLE_TESTABILITY = YES;
				ENABLE_USER_SCRIPT_SANDBOXING = YES;
				GCC_C_LANGUAGE_STANDARD = gnu17;
				GCC_DYNAMIC_NO_PIC = NO;
				GCC_NO_COMMON_BLOCKS = YES;
				GCC_OPTIMIZATION_LEVEL = 0;
				GCC_PREPROCESSOR_DEFINITIONS = (
					"DEBUG=1",
					"$(inherited)",
				);
				GCC_WARN_64_TO_32_BIT_CONVERSION = YES;
				GCC_WARN_ABOUT_RETURN_TYPE = YES_ERROR;
				GCC_WARN_UNDECLARED_SELECTOR = YES;
				GCC_WARN_UNINITIALIZED_AUTOS = YES_AGGRESSIVE;
				GCC_WARN_UNUSED_FUNCTION = YES;
				GCC_WARN_UNUSED_VARIABLE = YES;
				IPHONEOS_DEPLOYMENT_TARGET = 18.2;
				LOCALIZATION_PREFERS_STRING_CATALOGS = YES;
				MTL_ENABLE_DEBUG_INFO = INCLUDE_SOURCE;
				MTL_FAST_MATH = YES;
				ONLY_ACTIVE_ARCH = YES;
				SDKROOT = iphoneos;
				SWIFT_ACTIVE_COMPILATION_CONDITIONS = "DEBUG $(inherited)";
				SWIFT_OPTIMIZATION_LEVEL = "-Onone";
			};
			name = Debug;
		};
		05C4C76B2D5F210700D8E6C7 /* Release */ = {
			isa = XCBuildConfiguration;
			buildSettings = {
				ALWAYS_SEARCH_USER_PATHS = NO;
				ASSETCATALOG_COMPILER_GENERATE_SWIFT_ASSET_SYMBOL_EXTENSIONS = YES;
				CLANG_ANALYZER_NONNULL = YES;
				CLANG_ANALYZER_NUMBER_OBJECT_CONVERSION = YES_AGGRESSIVE;
				CLANG_CXX_LANGUAGE_STANDARD = "gnu++20";
				CLANG_ENABLE_MODULES = YES;
				CLANG_ENABLE_OBJC_ARC = YES;
				CLANG_ENABLE_OBJC_WEAK = YES;
				CLANG_WARN_BLOCK_CAPTURE_AUTORELEASING = YES;
				CLANG_WARN_BOOL_CONVERSION = YES;
				CLANG_WARN_COMMA = YES;
				CLANG_WARN_CONSTANT_CONVERSION = YES;
				CLANG_WARN_DEPRECATED_OBJC_IMPLEMENTATIONS = YES;
				CLANG_WARN_DIRECT_OBJC_ISA_USAGE = YES_ERROR;
				CLANG_WARN_DOCUMENTATION_COMMENTS = YES;
				CLANG_WARN_EMPTY_BODY = YES;
				CLANG_WARN_ENUM_CONVERSION = YES;
				CLANG_WARN_INFINITE_RECURSION = YES;
				CLANG_WARN_INT_CONVERSION = YES;
				CLANG_WARN_NON_LITERAL_NULL_CONVERSION = YES;
				CLANG_WARN_OBJC_IMPLICIT_RETAIN_SELF = YES;
				CLANG_WARN_OBJC_LITERAL_CONVERSION = YES;
				CLANG_WARN_OBJC_ROOT_CLASS = YES_ERROR;
				CLANG_WARN_QUOTED_INCLUDE_IN_FRAMEWORK_HEADER = YES;
				CLANG_WARN_RANGE_LOOP_ANALYSIS = YES;
				CLANG_WARN_STRICT_PROTOTYPES = YES;
				CLANG_WARN_SUSPICIOUS_MOVE = YES;
				CLANG_WARN_UNGUARDED_AVAILABILITY = YES_AGGRESSIVE;
				CLANG_WARN_UNREACHABLE_CODE = YES;
				CLANG_WARN__DUPLICATE_METHOD_MATCH = YES;
				COPY_PHASE_STRIP = NO;
				DEBUG_INFORMATION_FORMAT = "dwarf-with-dsym";
				ENABLE_NS_ASSERTIONS = NO;
				ENABLE_STRICT_OBJC_MSGSEND = YES;
				ENABLE_USER_SCRIPT_SANDBOXING = YES;
				GCC_C_LANGUAGE_STANDARD = gnu17;
				GCC_NO_COMMON_BLOCKS = YES;
				GCC_WARN_64_TO_32_BIT_CONVERSION = YES;
				GCC_WARN_ABOUT_RETURN_TYPE = YES_ERROR;
				GCC_WARN_UNDECLARED_SELECTOR = YES;
				GCC_WARN_UNINITIALIZED_AUTOS = YES_AGGRESSIVE;
				GCC_WARN_UNUSED_FUNCTION = YES;
				GCC_WARN_UNUSED_VARIABLE = YES;
				IPHONEOS_DEPLOYMENT_TARGET = 18.2;
				LOCALIZATION_PREFERS_STRING_CATALOGS = YES;
				MTL_ENABLE_DEBUG_INFO = NO;
				MTL_FAST_MATH = YES;
				SDKROOT = iphoneos;
				SWIFT_COMPILATION_MODE = wholemodule;
				VALIDATE_PRODUCT = YES;
			};
			name = Release;
		};
		05C4C76D2D5F210700D8E6C7 /* Debug */ = {
			isa = XCBuildConfiguration;
			baseConfigurationReference = A460A557DD4E5E144CC9F47B /* Pods-BannerAdDemoTests.debug.xcconfig */;
			buildSettings = {
				BUNDLE_LOADER = "$(TEST_HOST)";
				CODE_SIGN_STYLE = Automatic;
				CURRENT_PROJECT_VERSION = 1;
				ENABLE_USER_SCRIPT_SANDBOXING = NO;
				GENERATE_INFOPLIST_FILE = YES;
				IPHONEOS_DEPLOYMENT_TARGET = 18.2;
				MARKETING_VERSION = 1.0;
				PRODUCT_BUNDLE_IDENTIFIER = com.tothenew.BannerAdDemoTests;
				PRODUCT_NAME = "$(TARGET_NAME)";
				SWIFT_EMIT_LOC_STRINGS = NO;
				SWIFT_VERSION = 5.0;
				TARGETED_DEVICE_FAMILY = "1,2";
				TEST_HOST = "$(BUILT_PRODUCTS_DIR)/BannerAdDemo.app/$(BUNDLE_EXECUTABLE_FOLDER_PATH)/BannerAdDemo";
			};
			name = Debug;
		};
		05C4C76E2D5F210700D8E6C7 /* Release */ = {
			isa = XCBuildConfiguration;
			baseConfigurationReference = D1F068182C7DA581AE60CAE1 /* Pods-BannerAdDemoTests.release.xcconfig */;
			buildSettings = {
				BUNDLE_LOADER = "$(TEST_HOST)";
				CODE_SIGN_STYLE = Automatic;
				CURRENT_PROJECT_VERSION = 1;
				ENABLE_USER_SCRIPT_SANDBOXING = NO;
				GENERATE_INFOPLIST_FILE = YES;
				IPHONEOS_DEPLOYMENT_TARGET = 18.2;
				MARKETING_VERSION = 1.0;
				PRODUCT_BUNDLE_IDENTIFIER = com.tothenew.BannerAdDemoTests;
				PRODUCT_NAME = "$(TARGET_NAME)";
				SWIFT_EMIT_LOC_STRINGS = NO;
				SWIFT_VERSION = 5.0;
				TARGETED_DEVICE_FAMILY = "1,2";
				TEST_HOST = "$(BUILT_PRODUCTS_DIR)/BannerAdDemo.app/$(BUNDLE_EXECUTABLE_FOLDER_PATH)/BannerAdDemo";
			};
			name = Release;
		};
		05C4C7702D5F210700D8E6C7 /* Debug */ = {
			isa = XCBuildConfiguration;
			baseConfigurationReference = 11A5CBA61B914E8F3340012D /* Pods-BannerAdDemo-BannerAdDemoUITests.debug.xcconfig */;
			buildSettings = {
				CODE_SIGN_STYLE = Automatic;
				CURRENT_PROJECT_VERSION = 1;
				ENABLE_USER_SCRIPT_SANDBOXING = NO;
				GENERATE_INFOPLIST_FILE = YES;
				MARKETING_VERSION = 1.0;
				PRODUCT_BUNDLE_IDENTIFIER = com.tothenew.BannerAdDemoUITests;
				PRODUCT_NAME = "$(TARGET_NAME)";
				SWIFT_EMIT_LOC_STRINGS = NO;
				SWIFT_VERSION = 5.0;
				TARGETED_DEVICE_FAMILY = "1,2";
				TEST_TARGET_NAME = BannerAdDemo;
			};
			name = Debug;
		};
		05C4C7712D5F210700D8E6C7 /* Release */ = {
			isa = XCBuildConfiguration;
			baseConfigurationReference = 9ED1555DC2BEFD5BDC27D544 /* Pods-BannerAdDemo-BannerAdDemoUITests.release.xcconfig */;
			buildSettings = {
				CODE_SIGN_STYLE = Automatic;
				CURRENT_PROJECT_VERSION = 1;
				ENABLE_USER_SCRIPT_SANDBOXING = NO;
				GENERATE_INFOPLIST_FILE = YES;
				MARKETING_VERSION = 1.0;
				PRODUCT_BUNDLE_IDENTIFIER = com.tothenew.BannerAdDemoUITests;
				PRODUCT_NAME = "$(TARGET_NAME)";
				SWIFT_EMIT_LOC_STRINGS = NO;
				SWIFT_VERSION = 5.0;
				TARGETED_DEVICE_FAMILY = "1,2";
				TEST_TARGET_NAME = BannerAdDemo;
			};
			name = Release;
		};
/* End XCBuildConfiguration section */

/* Begin XCConfigurationList section */
		05C4C7392D5F210500D8E6C7 /* Build configuration list for PBXProject "BannerAdDemo" */ = {
			isa = XCConfigurationList;
			buildConfigurations = (
				05C4C76A2D5F210700D8E6C7 /* Debug */,
				05C4C76B2D5F210700D8E6C7 /* Release */,
			);
			defaultConfigurationIsVisible = 0;
			defaultConfigurationName = Release;
		};
		05C4C7672D5F210700D8E6C7 /* Build configuration list for PBXNativeTarget "BannerAdDemo" */ = {
			isa = XCConfigurationList;
			buildConfigurations = (
				05C4C7682D5F210700D8E6C7 /* Debug */,
				05C4C7692D5F210700D8E6C7 /* Release */,
			);
			defaultConfigurationIsVisible = 0;
			defaultConfigurationName = Release;
		};
		05C4C76C2D5F210700D8E6C7 /* Build configuration list for PBXNativeTarget "BannerAdDemoTests" */ = {
			isa = XCConfigurationList;
			buildConfigurations = (
				05C4C76D2D5F210700D8E6C7 /* Debug */,
				05C4C76E2D5F210700D8E6C7 /* Release */,
			);
			defaultConfigurationIsVisible = 0;
			defaultConfigurationName = Release;
		};
		05C4C76F2D5F210700D8E6C7 /* Build configuration list for PBXNativeTarget "BannerAdDemoUITests" */ = {
			isa = XCConfigurationList;
			buildConfigurations = (
				05C4C7702D5F210700D8E6C7 /* Debug */,
				05C4C7712D5F210700D8E6C7 /* Release */,
			);
			defaultConfigurationIsVisible = 0;
			defaultConfigurationName = Release;
		};
/* End XCConfigurationList section */
	};
	rootObject = 05C4C7362D5F210500D8E6C7 /* Project object */;
}
